
Microsoft Visual Studio Solution File, Format Version 12.00
# Visual Studio Version 17
VisualStudioVersion = 17.3.32819.101
MinimumVisualStudioVersion = 10.0.40219.1
Project("{FAE04EC0-301F-11D3-BF4B-00C04F79EFBC}") = "Kadry", "Kadry\Kadry.csproj", "{8CF90062-4BE4-4C39-BD9E-0A76EC5E9498}"
EndProject
Global
	GlobalSection(SolutionConfigurationPlatforms) = preSolution
		Debug|Any CPU = Debug|Any CPU
		Release|Any CPU = Release|Any CPU
	EndGlobalSection
	GlobalSection(ProjectConfigurationPlatforms) = postSolution
		{8CF90062-4BE4-4C39-BD9E-0A76EC5E9498}.Debug|Any CPU.ActiveCfg = Debug|Any CPU
		{8CF90062-4BE4-4C39-BD9E-0A76EC5E9498}.Debug|Any CPU.Build.0 = Debug|Any CPU
		{8CF90062-4BE4-4C39-BD9E-0A76EC5E9498}.Release|Any CPU.ActiveCfg = Release|Any CPU
		{8CF90062-4BE4-4C39-BD9E-0A76EC5E9498}.Release|Any CPU.Build.0 = Release|Any CPU
	EndGlobalSection
	GlobalSection(SolutionProperties) = preSolution
		HideSolutionNode = FALSE
	EndGlobalSection
	GlobalSection(ExtensibilityGlobals) = postSolution
		SolutionGuid = {D045481E-B941-449A-90C6-0764AA0AFD10}
	EndGlobalSection
EndGlobal
